{
    "requires": true,
    "lockfileVersion": 1,
    "dependencies": {
        "@types/jquery": {
            "version": "2.0.53",
            "resolved": "https://registry.npmjs.org/@types/jquery/-/jquery-2.0.53.tgz",
            "integrity": "sha512-MZKPWUhp5TKkoJ/58NSq6io+CSUCOHm2b3Z6U4+r9v70kktB0JM+eRjdp6YmDHtw0kK2XB7L2K7/FMIoziHjUA=="
        },
        "@types/select2": {
            "version": "4.0.42",
            "resolved": "https://registry.npmjs.org/@types/select2/-/select2-4.0.42.tgz",
            "integrity": "sha512-RsbJa95gWRKSLqAvduMPpfmxh/9rM94DB7fdvsXD1eLh2KlJMyEKQaEbntUpkSiz4FYoeQohADWMSswN3Qesvw==",
            "requires": {
                "@types/jquery": "2.0.53"
            }
        },
        "almond": {
            "version": "0.3.3",
            "resolved": "https://registry.npmjs.org/almond/-/almond-0.3.3.tgz",
            "integrity": "sha1-oOfJWsdiTWQXtElLHmi/9pMWiiA="
        },
        "jquery-mousewheel": {
            "version": "3.1.13",
            "resolved": "https://registry.npmjs.org/jquery-mousewheel/-/jquery-mousewheel-3.1.13.tgz",
            "integrity": "sha1-BvAzXxbjU6aV5yBr9QUDy1I6buU="
        },
        "ng2-select2": {
            "version": "1.0.0-beta.12",
            "resolved": "https://registry.npmjs.org/ng2-select2/-/ng2-select2-1.0.0-beta.12.tgz",
            "integrity": "sha512-/5DPfuS/vwY3oCdRL9aJQkQ92Wm19281UByuO4RdeffKEDsCASyAv5utnScTW41AMKRVxYCPc89+3o7mSdMDVg==",
            "requires": {
                "@types/jquery": "2.0.53",
                "@types/select2": "4.0.42"
            }
        },
        "select2": {
            "version": "4.0.3",
            "resolved": "https://registry.npmjs.org/select2/-/select2-4.0.3.tgz",
            "integrity": "sha1-IHcz/pHqy5yxoT8SRjQB9HJEng8=",
            "requires": {
                "almond": "0.3.3",
                "jquery-mousewheel": "3.1.13"
            }
        }
    }
}
